
Microsoft Visual Studio Solution File, Format Version 12.00
# Visual Studio Version 17
VisualStudioVersion = 17.6.33815.320
MinimumVisualStudioVersion = 10.0.40219.1
Project("{D954291E-2A0B-460D-934E-DC6B0785DB48}") = "Rop.Generators.Shared", "Rop.Generators.Shared\Rop.Generators.Shared.shproj", "{B6FA2A36-63EB-4074-B174-3E85B96E4265}"
EndProject
Project("{2150E333-8FDC-42A3-9474-1A3956D46DE8}") = "Tests", "Tests", "{F10EFED0-5CB0-40A6-849D-ADD8A497A930}"
EndProject
Project("{9A19103F-16F7-4668-BE54-9A1E7A4F7556}") = "Rop.ProxyGenerator.Annotations", "Rop.ProxyGenerator.Annotations\Rop.ProxyGenerator.Annotations.csproj", "{D927CF10-7E98-4CD7-9737-7969900CCB53}"
EndProject
Project("{2150E333-8FDC-42A3-9474-1A3956D46DE8}") = "Elementos de la solución", "Elementos de la solución", "{B08B1BDF-D35D-49B1-8085-43A12A303ED5}"
	ProjectSection(SolutionItems) = preProject
		Readme.md = Readme.md
	EndProjectSection
EndProject
Project("{9A19103F-16F7-4668-BE54-9A1E7A4F7556}") = "Rop.ProxyGenerator", "Rop.ProxyGenerator\Rop.ProxyGenerator.csproj", "{8F79ABDE-E5AD-421D-BE65-0042F27B104B}"
EndProject
Project("{9A19103F-16F7-4668-BE54-9A1E7A4F7556}") = "Test.ProxyGenerator", "Test\Test.ProxyGenerator\Test.ProxyGenerator.csproj", "{3A9B7675-394C-4372-B2AC-23597F427C3D}"
EndProject
Project("{9A19103F-16F7-4668-BE54-9A1E7A4F7556}") = "Rop.CopyPartialGenerator", "Rop.CopyPartialGenerator\Rop.CopyPartialGenerator.csproj", "{568EE803-F01B-4F45-BA81-70642128A797}"
EndProject
Project("{9A19103F-16F7-4668-BE54-9A1E7A4F7556}") = "Rop.CopyPartial.Annotations", "Rop.CopyPartial.Annotations\Rop.CopyPartial.Annotations.csproj", "{DE434C42-946E-4717-9780-8F39112F2413}"
EndProject
Project("{9A19103F-16F7-4668-BE54-9A1E7A4F7556}") = "Test.CopyPartialGenerator", "Test\Test.CopyPartialGenerator\Test.CopyPartialGenerator.csproj", "{8ED0C8A8-B168-4B64-AEBA-2841655A5FF7}"
EndProject
Project("{9A19103F-16F7-4668-BE54-9A1E7A4F7556}") = "Rop.OneOfExtensionGenerator", "Rop.OneOfExtensionGenerator\Rop.OneOfExtensionGenerator.csproj", "{10ED2D2D-6D3D-4570-B78C-F61B52328596}"
EndProject
Project("{9A19103F-16F7-4668-BE54-9A1E7A4F7556}") = "Rop.OneOfExtension.Annotations", "Rop.OneOfExtension.Annotations\Rop.OneOfExtension.Annotations.csproj", "{533AA19B-6055-46F0-A024-81AE3F44AF19}"
EndProject
Project("{9A19103F-16F7-4668-BE54-9A1E7A4F7556}") = "Test.OneOfExtensionGenerator", "Test\Test.OneOfExtensionGenerator\Test.OneOfExtensionGenerator.csproj", "{8D959B4E-8953-4FCA-A5C7-E3F6206EC47A}"
EndProject
Project("{9A19103F-16F7-4668-BE54-9A1E7A4F7556}") = "Test.DerivedFrom", "Test\Test.DerivedFrom\Test.DerivedFrom.csproj", "{3823745B-AED0-402E-AE0B-2277E3A24A34}"
EndProject
Project("{9A19103F-16F7-4668-BE54-9A1E7A4F7556}") = "Test.StaticExtensions", "Test\Test.StaticExtension\Test.StaticExtensions.csproj", "{1323FB30-4474-488B-AC84-E22ED4887040}"
EndProject
Project("{9A19103F-16F7-4668-BE54-9A1E7A4F7556}") = "Rop.ControllerGenerator", "Rop.ControllerGenerator\Rop.ControllerGenerator.csproj", "{59CBDAF7-857A-47D6-AE57-0D069F5D925F}"
EndProject
Project("{9A19103F-16F7-4668-BE54-9A1E7A4F7556}") = "Rop.DerivedFromGenerator", "Rop.DerivedFromGenerator\Rop.DerivedFromGenerator.csproj", "{86231B22-CB3A-4DE0-AF41-C26710435CC9}"
EndProject
Project("{9A19103F-16F7-4668-BE54-9A1E7A4F7556}") = "Rop.StaticExtensionGenerator", "Rop.StaticExtensionGenerator\Rop.StaticExtensionGenerator.csproj", "{5A2BDD1D-9A9B-42BF-B00C-4104CEB957F6}"
EndProject
Project("{9A19103F-16F7-4668-BE54-9A1E7A4F7556}") = "Rop.ControllerGenerator.Annotations", "Rop.ControllerGenerator.Annotations\Rop.ControllerGenerator.Annotations.csproj", "{97A781B7-95A8-4A1C-BBD2-2463A9BEB5AA}"
EndProject
Project("{9A19103F-16F7-4668-BE54-9A1E7A4F7556}") = "Rop.DerivedFrom.Annotations", "Rop.DerivedFrom.Annotations\Rop.DerivedFrom.Annotations.csproj", "{6A90600D-4829-4453-BEB5-6FEBAC9D049F}"
EndProject
Project("{9A19103F-16F7-4668-BE54-9A1E7A4F7556}") = "Rop.StaticExtension.Annotations", "Rop.StaticExtension.Annotations\Rop.StaticExtension.Annotations.csproj", "{20C84D28-B7D0-41E5-BD4E-759F7D11CCA2}"
EndProject
Project("{FAE04EC0-301F-11D3-BF4B-00C04F79EFBC}") = "Test.ControllerGenerator", "Test\Test.ControllerGenerator\Test.ControllerGenerator.csproj", "{7EBAA8C5-695E-40CB-885B-B907929C7702}"
EndProject
Project("{9A19103F-16F7-4668-BE54-9A1E7A4F7556}") = "Test.SubDll", "Test\Test.SubDll\Test.SubDll.csproj", "{05FADFDF-5E2E-4088-A7E9-B4F8F6A8CAE7}"
EndProject
Project("{9A19103F-16F7-4668-BE54-9A1E7A4F7556}") = "Test.DerivedFrom.SubForms", "Test\Test.DerivedFrom.SubForms\Test.DerivedFrom.SubForms.csproj", "{B25FF9C7-96A8-4667-8475-080B396280BA}"
EndProject
Project("{FAE04EC0-301F-11D3-BF4B-00C04F79EFBC}") = "Test.DerivedFrom.FormDerived", "Test\Test.DerivedFrom.FormDerived\Test.DerivedFrom.FormDerived.csproj", "{BECC3846-2D46-4586-84C4-7E1AE321A96C}"
EndProject
Global
	GlobalSection(SolutionConfigurationPlatforms) = preSolution
		Debug|Any CPU = Debug|Any CPU
		Release|Any CPU = Release|Any CPU
	EndGlobalSection
	GlobalSection(ProjectConfigurationPlatforms) = postSolution
		{D927CF10-7E98-4CD7-9737-7969900CCB53}.Debug|Any CPU.ActiveCfg = Debug|Any CPU
		{D927CF10-7E98-4CD7-9737-7969900CCB53}.Debug|Any CPU.Build.0 = Debug|Any CPU
		{D927CF10-7E98-4CD7-9737-7969900CCB53}.Release|Any CPU.ActiveCfg = Release|Any CPU
		{D927CF10-7E98-4CD7-9737-7969900CCB53}.Release|Any CPU.Build.0 = Release|Any CPU
		{8F79ABDE-E5AD-421D-BE65-0042F27B104B}.Debug|Any CPU.ActiveCfg = Debug|Any CPU
		{8F79ABDE-E5AD-421D-BE65-0042F27B104B}.Debug|Any CPU.Build.0 = Debug|Any CPU
		{8F79ABDE-E5AD-421D-BE65-0042F27B104B}.Release|Any CPU.ActiveCfg = Release|Any CPU
		{8F79ABDE-E5AD-421D-BE65-0042F27B104B}.Release|Any CPU.Build.0 = Release|Any CPU
		{3A9B7675-394C-4372-B2AC-23597F427C3D}.Debug|Any CPU.ActiveCfg = Debug|Any CPU
		{3A9B7675-394C-4372-B2AC-23597F427C3D}.Debug|Any CPU.Build.0 = Debug|Any CPU
		{3A9B7675-394C-4372-B2AC-23597F427C3D}.Release|Any CPU.ActiveCfg = Release|Any CPU
		{3A9B7675-394C-4372-B2AC-23597F427C3D}.Release|Any CPU.Build.0 = Release|Any CPU
		{568EE803-F01B-4F45-BA81-70642128A797}.Debug|Any CPU.ActiveCfg = Debug|Any CPU
		{568EE803-F01B-4F45-BA81-70642128A797}.Debug|Any CPU.Build.0 = Debug|Any CPU
		{568EE803-F01B-4F45-BA81-70642128A797}.Release|Any CPU.ActiveCfg = Release|Any CPU
		{568EE803-F01B-4F45-BA81-70642128A797}.Release|Any CPU.Build.0 = Release|Any CPU
		{DE434C42-946E-4717-9780-8F39112F2413}.Debug|Any CPU.ActiveCfg = Debug|Any CPU
		{DE434C42-946E-4717-9780-8F39112F2413}.Debug|Any CPU.Build.0 = Debug|Any CPU
		{DE434C42-946E-4717-9780-8F39112F2413}.Release|Any CPU.ActiveCfg = Release|Any CPU
		{DE434C42-946E-4717-9780-8F39112F2413}.Release|Any CPU.Build.0 = Release|Any CPU
		{8ED0C8A8-B168-4B64-AEBA-2841655A5FF7}.Debug|Any CPU.ActiveCfg = Debug|Any CPU
		{8ED0C8A8-B168-4B64-AEBA-2841655A5FF7}.Debug|Any CPU.Build.0 = Debug|Any CPU
		{8ED0C8A8-B168-4B64-AEBA-2841655A5FF7}.Release|Any CPU.ActiveCfg = Release|Any CPU
		{8ED0C8A8-B168-4B64-AEBA-2841655A5FF7}.Release|Any CPU.Build.0 = Release|Any CPU
		{10ED2D2D-6D3D-4570-B78C-F61B52328596}.Debug|Any CPU.ActiveCfg = Debug|Any CPU
		{10ED2D2D-6D3D-4570-B78C-F61B52328596}.Debug|Any CPU.Build.0 = Debug|Any CPU
		{10ED2D2D-6D3D-4570-B78C-F61B52328596}.Release|Any CPU.ActiveCfg = Release|Any CPU
		{10ED2D2D-6D3D-4570-B78C-F61B52328596}.Release|Any CPU.Build.0 = Release|Any CPU
		{533AA19B-6055-46F0-A024-81AE3F44AF19}.Debug|Any CPU.ActiveCfg = Debug|Any CPU
		{533AA19B-6055-46F0-A024-81AE3F44AF19}.Debug|Any CPU.Build.0 = Debug|Any CPU
		{533AA19B-6055-46F0-A024-81AE3F44AF19}.Release|Any CPU.ActiveCfg = Release|Any CPU
		{533AA19B-6055-46F0-A024-81AE3F44AF19}.Release|Any CPU.Build.0 = Release|Any CPU
		{8D959B4E-8953-4FCA-A5C7-E3F6206EC47A}.Debug|Any CPU.ActiveCfg = Debug|Any CPU
		{8D959B4E-8953-4FCA-A5C7-E3F6206EC47A}.Debug|Any CPU.Build.0 = Debug|Any CPU
		{8D959B4E-8953-4FCA-A5C7-E3F6206EC47A}.Release|Any CPU.ActiveCfg = Release|Any CPU
		{8D959B4E-8953-4FCA-A5C7-E3F6206EC47A}.Release|Any CPU.Build.0 = Release|Any CPU
		{3823745B-AED0-402E-AE0B-2277E3A24A34}.Debug|Any CPU.ActiveCfg = Debug|Any CPU
		{3823745B-AED0-402E-AE0B-2277E3A24A34}.Debug|Any CPU.Build.0 = Debug|Any CPU
		{3823745B-AED0-402E-AE0B-2277E3A24A34}.Release|Any CPU.ActiveCfg = Release|Any CPU
		{3823745B-AED0-402E-AE0B-2277E3A24A34}.Release|Any CPU.Build.0 = Release|Any CPU
		{1323FB30-4474-488B-AC84-E22ED4887040}.Debug|Any CPU.ActiveCfg = Debug|Any CPU
		{1323FB30-4474-488B-AC84-E22ED4887040}.Debug|Any CPU.Build.0 = Debug|Any CPU
		{1323FB30-4474-488B-AC84-E22ED4887040}.Release|Any CPU.ActiveCfg = Release|Any CPU
		{1323FB30-4474-488B-AC84-E22ED4887040}.Release|Any CPU.Build.0 = Release|Any CPU
		{59CBDAF7-857A-47D6-AE57-0D069F5D925F}.Debug|Any CPU.ActiveCfg = Debug|Any CPU
		{59CBDAF7-857A-47D6-AE57-0D069F5D925F}.Debug|Any CPU.Build.0 = Debug|Any CPU
		{59CBDAF7-857A-47D6-AE57-0D069F5D925F}.Release|Any CPU.ActiveCfg = Release|Any CPU
		{59CBDAF7-857A-47D6-AE57-0D069F5D925F}.Release|Any CPU.Build.0 = Release|Any CPU
		{86231B22-CB3A-4DE0-AF41-C26710435CC9}.Debug|Any CPU.ActiveCfg = Debug|Any CPU
		{86231B22-CB3A-4DE0-AF41-C26710435CC9}.Debug|Any CPU.Build.0 = Debug|Any CPU
		{86231B22-CB3A-4DE0-AF41-C26710435CC9}.Release|Any CPU.ActiveCfg = Release|Any CPU
		{86231B22-CB3A-4DE0-AF41-C26710435CC9}.Release|Any CPU.Build.0 = Release|Any CPU
		{5A2BDD1D-9A9B-42BF-B00C-4104CEB957F6}.Debug|Any CPU.ActiveCfg = Debug|Any CPU
		{5A2BDD1D-9A9B-42BF-B00C-4104CEB957F6}.Debug|Any CPU.Build.0 = Debug|Any CPU
		{5A2BDD1D-9A9B-42BF-B00C-4104CEB957F6}.Release|Any CPU.ActiveCfg = Release|Any CPU
		{5A2BDD1D-9A9B-42BF-B00C-4104CEB957F6}.Release|Any CPU.Build.0 = Release|Any CPU
		{97A781B7-95A8-4A1C-BBD2-2463A9BEB5AA}.Debug|Any CPU.ActiveCfg = Debug|Any CPU
		{97A781B7-95A8-4A1C-BBD2-2463A9BEB5AA}.Debug|Any CPU.Build.0 = Debug|Any CPU
		{97A781B7-95A8-4A1C-BBD2-2463A9BEB5AA}.Release|Any CPU.ActiveCfg = Release|Any CPU
		{97A781B7-95A8-4A1C-BBD2-2463A9BEB5AA}.Release|Any CPU.Build.0 = Release|Any CPU
		{6A90600D-4829-4453-BEB5-6FEBAC9D049F}.Debug|Any CPU.ActiveCfg = Debug|Any CPU
		{6A90600D-4829-4453-BEB5-6FEBAC9D049F}.Debug|Any CPU.Build.0 = Debug|Any CPU
		{6A90600D-4829-4453-BEB5-6FEBAC9D049F}.Release|Any CPU.ActiveCfg = Release|Any CPU
		{6A90600D-4829-4453-BEB5-6FEBAC9D049F}.Release|Any CPU.Build.0 = Release|Any CPU
		{20C84D28-B7D0-41E5-BD4E-759F7D11CCA2}.Debug|Any CPU.ActiveCfg = Debug|Any CPU
		{20C84D28-B7D0-41E5-BD4E-759F7D11CCA2}.Debug|Any CPU.Build.0 = Debug|Any CPU
		{20C84D28-B7D0-41E5-BD4E-759F7D11CCA2}.Release|Any CPU.ActiveCfg = Release|Any CPU
		{20C84D28-B7D0-41E5-BD4E-759F7D11CCA2}.Release|Any CPU.Build.0 = Release|Any CPU
		{7EBAA8C5-695E-40CB-885B-B907929C7702}.Debug|Any CPU.ActiveCfg = Debug|Any CPU
		{7EBAA8C5-695E-40CB-885B-B907929C7702}.Debug|Any CPU.Build.0 = Debug|Any CPU
		{7EBAA8C5-695E-40CB-885B-B907929C7702}.Release|Any CPU.ActiveCfg = Release|Any CPU
		{7EBAA8C5-695E-40CB-885B-B907929C7702}.Release|Any CPU.Build.0 = Release|Any CPU
		{05FADFDF-5E2E-4088-A7E9-B4F8F6A8CAE7}.Debug|Any CPU.ActiveCfg = Debug|Any CPU
		{05FADFDF-5E2E-4088-A7E9-B4F8F6A8CAE7}.Debug|Any CPU.Build.0 = Debug|Any CPU
		{05FADFDF-5E2E-4088-A7E9-B4F8F6A8CAE7}.Release|Any CPU.ActiveCfg = Release|Any CPU
		{05FADFDF-5E2E-4088-A7E9-B4F8F6A8CAE7}.Release|Any CPU.Build.0 = Release|Any CPU
		{B25FF9C7-96A8-4667-8475-080B396280BA}.Debug|Any CPU.ActiveCfg = Debug|Any CPU
		{B25FF9C7-96A8-4667-8475-080B396280BA}.Debug|Any CPU.Build.0 = Debug|Any CPU
		{B25FF9C7-96A8-4667-8475-080B396280BA}.Release|Any CPU.ActiveCfg = Release|Any CPU
		{B25FF9C7-96A8-4667-8475-080B396280BA}.Release|Any CPU.Build.0 = Release|Any CPU
		{BECC3846-2D46-4586-84C4-7E1AE321A96C}.Debug|Any CPU.ActiveCfg = Debug|Any CPU
		{BECC3846-2D46-4586-84C4-7E1AE321A96C}.Debug|Any CPU.Build.0 = Debug|Any CPU
		{BECC3846-2D46-4586-84C4-7E1AE321A96C}.Release|Any CPU.ActiveCfg = Release|Any CPU
		{BECC3846-2D46-4586-84C4-7E1AE321A96C}.Release|Any CPU.Build.0 = Release|Any CPU
	EndGlobalSection
	GlobalSection(SolutionProperties) = preSolution
		HideSolutionNode = FALSE
	EndGlobalSection
	GlobalSection(NestedProjects) = preSolution
		{3A9B7675-394C-4372-B2AC-23597F427C3D} = {F10EFED0-5CB0-40A6-849D-ADD8A497A930}
		{8ED0C8A8-B168-4B64-AEBA-2841655A5FF7} = {F10EFED0-5CB0-40A6-849D-ADD8A497A930}
		{8D959B4E-8953-4FCA-A5C7-E3F6206EC47A} = {F10EFED0-5CB0-40A6-849D-ADD8A497A930}
		{3823745B-AED0-402E-AE0B-2277E3A24A34} = {F10EFED0-5CB0-40A6-849D-ADD8A497A930}
		{1323FB30-4474-488B-AC84-E22ED4887040} = {F10EFED0-5CB0-40A6-849D-ADD8A497A930}
		{7EBAA8C5-695E-40CB-885B-B907929C7702} = {F10EFED0-5CB0-40A6-849D-ADD8A497A930}
		{05FADFDF-5E2E-4088-A7E9-B4F8F6A8CAE7} = {F10EFED0-5CB0-40A6-849D-ADD8A497A930}
		{B25FF9C7-96A8-4667-8475-080B396280BA} = {F10EFED0-5CB0-40A6-849D-ADD8A497A930}
		{BECC3846-2D46-4586-84C4-7E1AE321A96C} = {F10EFED0-5CB0-40A6-849D-ADD8A497A930}
	EndGlobalSection
	GlobalSection(ExtensibilityGlobals) = postSolution
		SolutionGuid = {28136F61-670C-48E3-872A-9242018602A1}
	EndGlobalSection
	GlobalSection(SharedMSBuildProjectFiles) = preSolution
		Rop.Generators.Shared\Rop.Generators.Shared.projitems*{10ed2d2d-6d3d-4570-b78c-f61b52328596}*SharedItemsImports = 5
		Rop.Generators.Shared\Rop.Generators.Shared.projitems*{568ee803-f01b-4f45-ba81-70642128a797}*SharedItemsImports = 5
		Rop.Generators.Shared\Rop.Generators.Shared.projitems*{59cbdaf7-857a-47d6-ae57-0d069f5d925f}*SharedItemsImports = 5
		Rop.Generators.Shared\Rop.Generators.Shared.projitems*{86231b22-cb3a-4de0-af41-c26710435cc9}*SharedItemsImports = 5
		Rop.Generators.Shared\Rop.Generators.Shared.projitems*{8f79abde-e5ad-421d-be65-0042f27b104b}*SharedItemsImports = 5
		Rop.Generators.Shared\Rop.Generators.Shared.projitems*{b6fa2a36-63eb-4074-b174-3e85b96e4265}*SharedItemsImports = 13
	EndGlobalSection
EndGlobal
